
Microsoft Visual Studio Solution File, Format Version 12.00
# Visual Studio 15
VisualStudioVersion = 15.0.28010.2046
MinimumVisualStudioVersion = 10.0.40219.1
Project("{FAE04EC0-301F-11D3-BF4B-00C04F79EFBC}") = "LearningWebApps", "LearningWebApps\LearningWebApps.csproj", "{659663AB-748D-48A0-ACA0-41325CA9527D}"
EndProject
Global
	GlobalSection(SolutionConfigurationPlatforms) = preSolution
		Debug|Any CPU = Debug|Any CPU
		Release|Any CPU = Release|Any CPU
	EndGlobalSection
	GlobalSection(ProjectConfigurationPlatforms) = postSolution
		{659663AB-748D-48A0-ACA0-41325CA9527D}.Debug|Any CPU.ActiveCfg = Debug|Any CPU
		{659663AB-748D-48A0-ACA0-41325CA9527D}.Debug|Any CPU.Build.0 = Debug|Any CPU
		{659663AB-748D-48A0-ACA0-41325CA9527D}.Release|Any CPU.ActiveCfg = Release|Any CPU
		{659663AB-748D-48A0-ACA0-41325CA9527D}.Release|Any CPU.Build.0 = Release|Any CPU
	EndGlobalSection
	GlobalSection(SolutionProperties) = preSolution
		HideSolutionNode = FALSE
	EndGlobalSection
	GlobalSection(ExtensibilityGlobals) = postSolution
		SolutionGuid = {5755CF16-A63E-4D88-BAC6-1027766503C5}
	EndGlobalSection
EndGlobal
